// !$*UTF8*$!
{
	archiveVersion = 1;
	classes = {
	};
	objectVersion = 56;
	objects = {

/* Begin PBXBuildFile section */
		BF61CCE22A7D739B009F4A88 /* AppDelegate.swift in Sources */ = {isa = PBXBuildFile; fileRef = BF61CCE12A7D739B009F4A88 /* AppDelegate.swift */; };
		BF61CCE42A7D739B009F4A88 /* SceneDelegate.swift in Sources */ = {isa = PBXBuildFile; fileRef = BF61CCE32A7D739B009F4A88 /* SceneDelegate.swift */; };
		BF61CCE62A7D739B009F4A88 /* MainTabBarViewController.swift in Sources */ = {isa = PBXBuildFile; fileRef = BF61CCE52A7D739B009F4A88 /* MainTabBarViewController.swift */; };
		BF61CCEB2A7D739C009F4A88 /* Assets.xcassets in Resources */ = {isa = PBXBuildFile; fileRef = BF61CCEA2A7D739C009F4A88 /* Assets.xcassets */; };
		BF61CCEE2A7D739C009F4A88 /* LaunchScreen.storyboard in Resources */ = {isa = PBXBuildFile; fileRef = BF61CCEC2A7D739C009F4A88 /* LaunchScreen.storyboard */; };
		BF61CCF72A7D7737009F4A88 /* HomeViewController.swift in Sources */ = {isa = PBXBuildFile; fileRef = BF61CCF62A7D7737009F4A88 /* HomeViewController.swift */; };
		BF61CCF92A7D7760009F4A88 /* UpcomingViewController.swift in Sources */ = {isa = PBXBuildFile; fileRef = BF61CCF82A7D7760009F4A88 /* UpcomingViewController.swift */; };
		BF61CCFB2A7D7797009F4A88 /* SearchViewController.swift in Sources */ = {isa = PBXBuildFile; fileRef = BF61CCFA2A7D7797009F4A88 /* SearchViewController.swift */; };
		BF61CCFD2A7D7909009F4A88 /* DownloadsViewController.swift in Sources */ = {isa = PBXBuildFile; fileRef = BF61CCFC2A7D7909009F4A88 /* DownloadsViewController.swift */; };
		BF61CCFF2A7D7DB5009F4A88 /* Constants.swift in Sources */ = {isa = PBXBuildFile; fileRef = BF61CCFE2A7D7DB5009F4A88 /* Constants.swift */; };
		BF61CD062A7DA807009F4A88 /* CollectionViewTableViewCell.swift in Sources */ = {isa = PBXBuildFile; fileRef = BF61CD052A7DA807009F4A88 /* CollectionViewTableViewCell.swift */; };
		BF61CD082A7F049D009F4A88 /* HeroHeaderUIView.swift in Sources */ = {isa = PBXBuildFile; fileRef = BF61CD072A7F049D009F4A88 /* HeroHeaderUIView.swift */; };
		BF61CD0A2A807491009F4A88 /* ApiCaller.swift in Sources */ = {isa = PBXBuildFile; fileRef = BF61CD092A807491009F4A88 /* ApiCaller.swift */; };
		BF61CD0C2A807B91009F4A88 /* Title.swift in Sources */ = {isa = PBXBuildFile; fileRef = BF61CD0B2A807B91009F4A88 /* Title.swift */; };
		BF61CD0E2A8085AC009F4A88 /* Extensions.swift in Sources */ = {isa = PBXBuildFile; fileRef = BF61CD0D2A8085AC009F4A88 /* Extensions.swift */; };
		BF61CD122A816A16009F4A88 /* PosterCollectionViewCell.swift in Sources */ = {isa = PBXBuildFile; fileRef = BF61CD112A816A16009F4A88 /* PosterCollectionViewCell.swift */; };
		BF61CD152A816BD4009F4A88 /* SDWebImage in Frameworks */ = {isa = PBXBuildFile; productRef = BF61CD142A816BD4009F4A88 /* SDWebImage */; };
		BF61CD172A816BD4009F4A88 /* SDWebImageMapKit in Frameworks */ = {isa = PBXBuildFile; productRef = BF61CD162A816BD4009F4A88 /* SDWebImageMapKit */; };
/* End PBXBuildFile section */

/* Begin PBXFileReference section */
		BF61CCDE2A7D739B009F4A88 /* Netflix.app */ = {isa = PBXFileReference; explicitFileType = wrapper.application; includeInIndex = 0; path = Netflix.app; sourceTree = BUILT_PRODUCTS_DIR; };
		BF61CCE12A7D739B009F4A88 /* AppDelegate.swift */ = {isa = PBXFileReference; lastKnownFileType = sourcecode.swift; path = AppDelegate.swift; sourceTree = "<group>"; };
		BF61CCE32A7D739B009F4A88 /* SceneDelegate.swift */ = {isa = PBXFileReference; lastKnownFileType = sourcecode.swift; path = SceneDelegate.swift; sourceTree = "<group>"; };
		BF61CCE52A7D739B009F4A88 /* MainTabBarViewController.swift */ = {isa = PBXFileReference; lastKnownFileType = sourcecode.swift; path = MainTabBarViewController.swift; sourceTree = "<group>"; };
		BF61CCEA2A7D739C009F4A88 /* Assets.xcassets */ = {isa = PBXFileReference; lastKnownFileType = folder.assetcatalog; path = Assets.xcassets; sourceTree = "<group>"; };
		BF61CCED2A7D739C009F4A88 /* Base */ = {isa = PBXFileReference; lastKnownFileType = file.storyboard; name = Base; path = Base.lproj/LaunchScreen.storyboard; sourceTree = "<group>"; };
		BF61CCEF2A7D739C009F4A88 /* Info.plist */ = {isa = PBXFileReference; lastKnownFileType = text.plist.xml; path = Info.plist; sourceTree = "<group>"; };
		BF61CCF62A7D7737009F4A88 /* HomeViewController.swift */ = {isa = PBXFileReference; lastKnownFileType = sourcecode.swift; path = HomeViewController.swift; sourceTree = "<group>"; };
		BF61CCF82A7D7760009F4A88 /* UpcomingViewController.swift */ = {isa = PBXFileReference; lastKnownFileType = sourcecode.swift; path = UpcomingViewController.swift; sourceTree = "<group>"; };
		BF61CCFA2A7D7797009F4A88 /* SearchViewController.swift */ = {isa = PBXFileReference; lastKnownFileType = sourcecode.swift; path = SearchViewController.swift; sourceTree = "<group>"; };
		BF61CCFC2A7D7909009F4A88 /* DownloadsViewController.swift */ = {isa = PBXFileReference; lastKnownFileType = sourcecode.swift; path = DownloadsViewController.swift; sourceTree = "<group>"; };
		BF61CCFE2A7D7DB5009F4A88 /* Constants.swift */ = {isa = PBXFileReference; lastKnownFileType = sourcecode.swift; path = Constants.swift; sourceTree = "<group>"; };
		BF61CD052A7DA807009F4A88 /* CollectionViewTableViewCell.swift */ = {isa = PBXFileReference; lastKnownFileType = sourcecode.swift; path = CollectionViewTableViewCell.swift; sourceTree = "<group>"; };
		BF61CD072A7F049D009F4A88 /* HeroHeaderUIView.swift */ = {isa = PBXFileReference; lastKnownFileType = sourcecode.swift; path = HeroHeaderUIView.swift; sourceTree = "<group>"; };
		BF61CD092A807491009F4A88 /* ApiCaller.swift */ = {isa = PBXFileReference; lastKnownFileType = sourcecode.swift; path = ApiCaller.swift; sourceTree = "<group>"; };
		BF61CD0B2A807B91009F4A88 /* Title.swift */ = {isa = PBXFileReference; lastKnownFileType = sourcecode.swift; path = Title.swift; sourceTree = "<group>"; };
		BF61CD0D2A8085AC009F4A88 /* Extensions.swift */ = {isa = PBXFileReference; lastKnownFileType = sourcecode.swift; path = Extensions.swift; sourceTree = "<group>"; };
		BF61CD112A816A16009F4A88 /* PosterCollectionViewCell.swift */ = {isa = PBXFileReference; lastKnownFileType = sourcecode.swift; path = PosterCollectionViewCell.swift; sourceTree = "<group>"; };
/* End PBXFileReference section */

/* Begin PBXFrameworksBuildPhase section */
		BF61CCDB2A7D739B009F4A88 /* Frameworks */ = {
			isa = PBXFrameworksBuildPhase;
			buildActionMask = 2147483647;
			files = (
				BF61CD172A816BD4009F4A88 /* SDWebImageMapKit in Frameworks */,
				BF61CD152A816BD4009F4A88 /* SDWebImage in Frameworks */,
			);
			runOnlyForDeploymentPostprocessing = 0;
		};
/* End PBXFrameworksBuildPhase section */

/* Begin PBXGroup section */
		BF61CCD52A7D739B009F4A88 = {
			isa = PBXGroup;
			children = (
				BF61CCE02A7D739B009F4A88 /* Netflix */,
				BF61CCDF2A7D739B009F4A88 /* Products */,
			);
			sourceTree = "<group>";
		};
		BF61CCDF2A7D739B009F4A88 /* Products */ = {
			isa = PBXGroup;
			children = (
				BF61CCDE2A7D739B009F4A88 /* Netflix.app */,
			);
			name = Products;
			sourceTree = "<group>";
		};
		BF61CCE02A7D739B009F4A88 /* Netflix */ = {
			isa = PBXGroup;
			children = (
				BF61CD042A7DA7D6009F4A88 /* Managers */,
				BF61CD032A7DA7D0009F4A88 /* Resources */,
				BF61CD022A7DA795009F4A88 /* Models */,
				BF61CD002A7DA784009F4A88 /* Views */,
				BF61CD012A7DA78D009F4A88 /* ViewModels */,
				BF61CCF52A7D7700009F4A88 /* Controllers */,
				BF61CCE12A7D739B009F4A88 /* AppDelegate.swift */,
				BF61CCE32A7D739B009F4A88 /* SceneDelegate.swift */,
				BF61CCE52A7D739B009F4A88 /* MainTabBarViewController.swift */,
				BF61CCEA2A7D739C009F4A88 /* Assets.xcassets */,
				BF61CCEC2A7D739C009F4A88 /* LaunchScreen.storyboard */,
				BF61CCEF2A7D739C009F4A88 /* Info.plist */,
				BF61CCFE2A7D7DB5009F4A88 /* Constants.swift */,
			);
			path = Netflix;
			sourceTree = "<group>";
		};
		BF61CCF52A7D7700009F4A88 /* Controllers */ = {
			isa = PBXGroup;
			children = (
				BF61CCF62A7D7737009F4A88 /* HomeViewController.swift */,
				BF61CCF82A7D7760009F4A88 /* UpcomingViewController.swift */,
				BF61CCFA2A7D7797009F4A88 /* SearchViewController.swift */,
				BF61CCFC2A7D7909009F4A88 /* DownloadsViewController.swift */,
			);
			path = Controllers;
			sourceTree = "<group>";
		};
		BF61CD002A7DA784009F4A88 /* Views */ = {
			isa = PBXGroup;
			children = (
				BF61CD052A7DA807009F4A88 /* CollectionViewTableViewCell.swift */,
				BF61CD072A7F049D009F4A88 /* HeroHeaderUIView.swift */,
				BF61CD112A816A16009F4A88 /* PosterCollectionViewCell.swift */,
			);
			path = Views;
			sourceTree = "<group>";
		};
		BF61CD012A7DA78D009F4A88 /* ViewModels */ = {
			isa = PBXGroup;
			children = (
			);
			path = ViewModels;
			sourceTree = "<group>";
		};
		BF61CD022A7DA795009F4A88 /* Models */ = {
			isa = PBXGroup;
			children = (
				BF61CD0B2A807B91009F4A88 /* Title.swift */,
			);
			path = Models;
			sourceTree = "<group>";
		};
		BF61CD032A7DA7D0009F4A88 /* Resources */ = {
			isa = PBXGroup;
			children = (
				BF61CD0D2A8085AC009F4A88 /* Extensions.swift */,
			);
			path = Resources;
			sourceTree = "<group>";
		};
		BF61CD042A7DA7D6009F4A88 /* Managers */ = {
			isa = PBXGroup;
			children = (
				BF61CD092A807491009F4A88 /* ApiCaller.swift */,
			);
			path = Managers;
			sourceTree = "<group>";
		};
/* End PBXGroup section */

/* Begin PBXNativeTarget section */
		BF61CCDD2A7D739B009F4A88 /* Netflix */ = {
			isa = PBXNativeTarget;
			buildConfigurationList = BF61CCF22A7D739C009F4A88 /* Build configuration list for PBXNativeTarget "Netflix" */;
			buildPhases = (
				BF61CCDA2A7D739B009F4A88 /* Sources */,
				BF61CCDB2A7D739B009F4A88 /* Frameworks */,
				BF61CCDC2A7D739B009F4A88 /* Resources */,
			);
			buildRules = (
			);
			dependencies = (
			);
			name = Netflix;
			packageProductDependencies = (
				BF61CD142A816BD4009F4A88 /* SDWebImage */,
				BF61CD162A816BD4009F4A88 /* SDWebImageMapKit */,
			);
			productName = Netflix;
			productReference = BF61CCDE2A7D739B009F4A88 /* Netflix.app */;
			productType = "com.apple.product-type.application";
		};
/* End PBXNativeTarget section */

/* Begin PBXProject section */
		BF61CCD62A7D739B009F4A88 /* Project object */ = {
			isa = PBXProject;
			attributes = {
				BuildIndependentTargetsInParallel = 1;
				LastSwiftUpdateCheck = 1430;
				LastUpgradeCheck = 1430;
				TargetAttributes = {
					BF61CCDD2A7D739B009F4A88 = {
						CreatedOnToolsVersion = 14.3.1;
					};
				};
			};
			buildConfigurationList = BF61CCD92A7D739B009F4A88 /* Build configuration list for PBXProject "Netflix" */;
			compatibilityVersion = "Xcode 14.0";
			developmentRegion = en;
			hasScannedForEncodings = 0;
			knownRegions = (
				en,
				Base,
			);
			mainGroup = BF61CCD52A7D739B009F4A88;
			packageReferences = (
				BF61CD132A816BD4009F4A88 /* XCRemoteSwiftPackageReference "SDWebImage" */,
			);
			productRefGroup = BF61CCDF2A7D739B009F4A88 /* Products */;
			projectDirPath = "";
			projectRoot = "";
			targets = (
				BF61CCDD2A7D739B009F4A88 /* Netflix */,
			);
		};
/* End PBXProject section */

/* Begin PBXResourcesBuildPhase section */
		BF61CCDC2A7D739B009F4A88 /* Resources */ = {
			isa = PBXResourcesBuildPhase;
			buildActionMask = 2147483647;
			files = (
				BF61CCEE2A7D739C009F4A88 /* LaunchScreen.storyboard in Resources */,
				BF61CCEB2A7D739C009F4A88 /* Assets.xcassets in Resources */,
			);
			runOnlyForDeploymentPostprocessing = 0;
		};
/* End PBXResourcesBuildPhase section */

/* Begin PBXSourcesBuildPhase section */
		BF61CCDA2A7D739B009F4A88 /* Sources */ = {
			isa = PBXSourcesBuildPhase;
			buildActionMask = 2147483647;
			files = (
				BF61CCFB2A7D7797009F4A88 /* SearchViewController.swift in Sources */,
				BF61CD082A7F049D009F4A88 /* HeroHeaderUIView.swift in Sources */,
				BF61CD0C2A807B91009F4A88 /* Title.swift in Sources */,
				BF61CCE62A7D739B009F4A88 /* MainTabBarViewController.swift in Sources */,
				BF61CD0A2A807491009F4A88 /* ApiCaller.swift in Sources */,
				BF61CCFD2A7D7909009F4A88 /* DownloadsViewController.swift in Sources */,
				BF61CCE22A7D739B009F4A88 /* AppDelegate.swift in Sources */,
				BF61CCE42A7D739B009F4A88 /* SceneDelegate.swift in Sources */,
				BF61CD0E2A8085AC009F4A88 /* Extensions.swift in Sources */,
				BF61CD062A7DA807009F4A88 /* CollectionViewTableViewCell.swift in Sources */,
				BF61CCF92A7D7760009F4A88 /* UpcomingViewController.swift in Sources */,
				BF61CD122A816A16009F4A88 /* PosterCollectionViewCell.swift in Sources */,
				BF61CCF72A7D7737009F4A88 /* HomeViewController.swift in Sources */,
				BF61CCFF2A7D7DB5009F4A88 /* Constants.swift in Sources */,
			);
			runOnlyForDeploymentPostprocessing = 0;
		};
/* End PBXSourcesBuildPhase section */

/* Begin PBXVariantGroup section */
		BF61CCEC2A7D739C009F4A88 /* LaunchScreen.storyboard */ = {
			isa = PBXVariantGroup;
			children = (
				BF61CCED2A7D739C009F4A88 /* Base */,
			);
			name = LaunchScreen.storyboard;
			sourceTree = "<group>";
		};
/* End PBXVariantGroup section */

/* Begin XCBuildConfiguration section */
		BF61CCF02A7D739C009F4A88 /* Debug */ = {
			isa = XCBuildConfiguration;
			buildSettings = {
				ALWAYS_SEARCH_USER_PATHS = NO;
				CLANG_ANALYZER_NONNULL = YES;
				CLANG_ANALYZER_NUMBER_OBJECT_CONVERSION = YES_AGGRESSIVE;
				CLANG_CXX_LANGUAGE_STANDARD = "gnu++20";
				CLANG_ENABLE_MODULES = YES;
				CLANG_ENABLE_OBJC_ARC = YES;
				CLANG_ENABLE_OBJC_WEAK = YES;
				CLANG_WARN_BLOCK_CAPTURE_AUTORELEASING = YES;
				CLANG_WARN_BOOL_CONVERSION = YES;
				CLANG_WARN_COMMA = YES;
				CLANG_WARN_CONSTANT_CONVERSION = YES;
				CLANG_WARN_DEPRECATED_OBJC_IMPLEMENTATIONS = YES;
				CLANG_WARN_DIRECT_OBJC_ISA_USAGE = YES_ERROR;
				CLANG_WARN_DOCUMENTATION_COMMENTS = YES;
				CLANG_WARN_EMPTY_BODY = YES;
				CLANG_WARN_ENUM_CONVERSION = YES;
				CLANG_WARN_INFINITE_RECURSION = YES;
				CLANG_WARN_INT_CONVERSION = YES;
				CLANG_WARN_NON_LITERAL_NULL_CONVERSION = YES;
				CLANG_WARN_OBJC_IMPLICIT_RETAIN_SELF = YES;
				CLANG_WARN_OBJC_LITERAL_CONVERSION = YES;
				CLANG_WARN_OBJC_ROOT_CLASS = YES_ERROR;
				CLANG_WARN_QUOTED_INCLUDE_IN_FRAMEWORK_HEADER = YES;
				CLANG_WARN_RANGE_LOOP_ANALYSIS = YES;
				CLANG_WARN_STRICT_PROTOTYPES = YES;
				CLANG_WARN_SUSPICIOUS_MOVE = YES;
				CLANG_WARN_UNGUARDED_AVAILABILITY = YES_AGGRESSIVE;
				CLANG_WARN_UNREACHABLE_CODE = YES;
				CLANG_WARN__DUPLICATE_METHOD_MATCH = YES;
				COPY_PHASE_STRIP = NO;
				DEBUG_INFORMATION_FORMAT = dwarf;
				ENABLE_STRICT_OBJC_MSGSEND = YES;
				ENABLE_TESTABILITY = YES;
				GCC_C_LANGUAGE_STANDARD = gnu11;
				GCC_DYNAMIC_NO_PIC = NO;
				GCC_NO_COMMON_BLOCKS = YES;
				GCC_OPTIMIZATION_LEVEL = 0;
				GCC_PREPROCESSOR_DEFINITIONS = (
					"DEBUG=1",
					"$(inherited)",
				);
				GCC_WARN_64_TO_32_BIT_CONVERSION = YES;
				GCC_WARN_ABOUT_RETURN_TYPE = YES_ERROR;
				GCC_WARN_UNDECLARED_SELECTOR = YES;
				GCC_WARN_UNINITIALIZED_AUTOS = YES_AGGRESSIVE;
				GCC_WARN_UNUSED_FUNCTION = YES;
				GCC_WARN_UNUSED_VARIABLE = YES;
				IPHONEOS_DEPLOYMENT_TARGET = 16.4;
				MTL_ENABLE_DEBUG_INFO = INCLUDE_SOURCE;
				MTL_FAST_MATH = YES;
				ONLY_ACTIVE_ARCH = YES;
				SDKROOT = iphoneos;
				SWIFT_ACTIVE_COMPILATION_CONDITIONS = DEBUG;
				SWIFT_OPTIMIZATION_LEVEL = "-Onone";
			};
			name = Debug;
		};
		BF61CCF12A7D739C009F4A88 /* Release */ = {
			isa = XCBuildConfiguration;
			buildSettings = {
				ALWAYS_SEARCH_USER_PATHS = NO;
				CLANG_ANALYZER_NONNULL = YES;
				CLANG_ANALYZER_NUMBER_OBJECT_CONVERSION = YES_AGGRESSIVE;
				CLANG_CXX_LANGUAGE_STANDARD = "gnu++20";
				CLANG_ENABLE_MODULES = YES;
				CLANG_ENABLE_OBJC_ARC = YES;
				CLANG_ENABLE_OBJC_WEAK = YES;
				CLANG_WARN_BLOCK_CAPTURE_AUTORELEASING = YES;
				CLANG_WARN_BOOL_CONVERSION = YES;
				CLANG_WARN_COMMA = YES;
				CLANG_WARN_CONSTANT_CONVERSION = YES;
				CLANG_WARN_DEPRECATED_OBJC_IMPLEMENTATIONS = YES;
				CLANG_WARN_DIRECT_OBJC_ISA_USAGE = YES_ERROR;
				CLANG_WARN_DOCUMENTATION_COMMENTS = YES;
				CLANG_WARN_EMPTY_BODY = YES;
				CLANG_WARN_ENUM_CONVERSION = YES;
				CLANG_WARN_INFINITE_RECURSION = YES;
				CLANG_WARN_INT_CONVERSION = YES;
				CLANG_WARN_NON_LITERAL_NULL_CONVERSION = YES;
				CLANG_WARN_OBJC_IMPLICIT_RETAIN_SELF = YES;
				CLANG_WARN_OBJC_LITERAL_CONVERSION = YES;
				CLANG_WARN_OBJC_ROOT_CLASS = YES_ERROR;
				CLANG_WARN_QUOTED_INCLUDE_IN_FRAMEWORK_HEADER = YES;
				CLANG_WARN_RANGE_LOOP_ANALYSIS = YES;
				CLANG_WARN_STRICT_PROTOTYPES = YES;
				CLANG_WARN_SUSPICIOUS_MOVE = YES;
				CLANG_WARN_UNGUARDED_AVAILABILITY = YES_AGGRESSIVE;
				CLANG_WARN_UNREACHABLE_CODE = YES;
				CLANG_WARN__DUPLICATE_METHOD_MATCH = YES;
				COPY_PHASE_STRIP = NO;
				DEBUG_INFORMATION_FORMAT = "dwarf-with-dsym";
				ENABLE_NS_ASSERTIONS = NO;
				ENABLE_STRICT_OBJC_MSGSEND = YES;
				GCC_C_LANGUAGE_STANDARD = gnu11;
				GCC_NO_COMMON_BLOCKS = YES;
				GCC_WARN_64_TO_32_BIT_CONVERSION = YES;
				GCC_WARN_ABOUT_RETURN_TYPE = YES_ERROR;
				GCC_WARN_UNDECLARED_SELECTOR = YES;
				GCC_WARN_UNINITIALIZED_AUTOS = YES_AGGRESSIVE;
				GCC_WARN_UNUSED_FUNCTION = YES;
				GCC_WARN_UNUSED_VARIABLE = YES;
				IPHONEOS_DEPLOYMENT_TARGET = 16.4;
				MTL_ENABLE_DEBUG_INFO = NO;
				MTL_FAST_MATH = YES;
				SDKROOT = iphoneos;
				SWIFT_COMPILATION_MODE = wholemodule;
				SWIFT_OPTIMIZATION_LEVEL = "-O";
				VALIDATE_PRODUCT = YES;
			};
			name = Release;
		};
		BF61CCF32A7D739C009F4A88 /* Debug */ = {
			isa = XCBuildConfiguration;
			buildSettings = {
				ASSETCATALOG_COMPILER_APPICON_NAME = AppIcon;
				ASSETCATALOG_COMPILER_GLOBAL_ACCENT_COLOR_NAME = AccentColor;
				CODE_SIGN_STYLE = Automatic;
				CURRENT_PROJECT_VERSION = 1;
				DEVELOPMENT_TEAM = P534R2B7DJ;
				GENERATE_INFOPLIST_FILE = YES;
				INFOPLIST_FILE = Netflix/Info.plist;
				INFOPLIST_KEY_UIApplicationSupportsIndirectInputEvents = YES;
				INFOPLIST_KEY_UILaunchStoryboardName = LaunchScreen;
				INFOPLIST_KEY_UISupportedInterfaceOrientations_iPad = "UIInterfaceOrientationPortrait UIInterfaceOrientationPortraitUpsideDown UIInterfaceOrientationLandscapeLeft UIInterfaceOrientationLandscapeRight";
				INFOPLIST_KEY_UISupportedInterfaceOrientations_iPhone = "UIInterfaceOrientationPortrait UIInterfaceOrientationLandscapeLeft UIInterfaceOrientationLandscapeRight";
				LD_RUNPATH_SEARCH_PATHS = (
					"$(inherited)",
					"@executable_path/Frameworks",
				);
				MARKETING_VERSION = 1.0;
				PRODUCT_BUNDLE_IDENTIFIER = com.brito.Netflix;
				PRODUCT_NAME = "$(TARGET_NAME)";
				SWIFT_EMIT_LOC_STRINGS = YES;
				SWIFT_VERSION = 5.0;
				TARGETED_DEVICE_FAMILY = "1,2";
			};
			name = Debug;
		};
		BF61CCF42A7D739C009F4A88 /* Release */ = {
			isa = XCBuildConfiguration;
			buildSettings = {
				ASSETCATALOG_COMPILER_APPICON_NAME = AppIcon;
				ASSETCATALOG_COMPILER_GLOBAL_ACCENT_COLOR_NAME = AccentColor;
				CODE_SIGN_STYLE = Automatic;
				CURRENT_PROJECT_VERSION = 1;
				DEVELOPMENT_TEAM = P534R2B7DJ;
				GENERATE_INFOPLIST_FILE = YES;
				INFOPLIST_FILE = Netflix/Info.plist;
				INFOPLIST_KEY_UIApplicationSupportsIndirectInputEvents = YES;
				INFOPLIST_KEY_UILaunchStoryboardName = LaunchScreen;
				INFOPLIST_KEY_UISupportedInterfaceOrientations_iPad = "UIInterfaceOrientationPortrait UIInterfaceOrientationPortraitUpsideDown UIInterfaceOrientationLandscapeLeft UIInterfaceOrientationLandscapeRight";
				INFOPLIST_KEY_UISupportedInterfaceOrientations_iPhone = "UIInterfaceOrientationPortrait UIInterfaceOrientationLandscapeLeft UIInterfaceOrientationLandscapeRight";
				LD_RUNPATH_SEARCH_PATHS = (
					"$(inherited)",
					"@executable_path/Frameworks",
				);
				MARKETING_VERSION = 1.0;
				PRODUCT_BUNDLE_IDENTIFIER = com.brito.Netflix;
				PRODUCT_NAME = "$(TARGET_NAME)";
				SWIFT_EMIT_LOC_STRINGS = YES;
				SWIFT_VERSION = 5.0;
				TARGETED_DEVICE_FAMILY = "1,2";
			};
			name = Release;
		};
/* End XCBuildConfiguration section */

/* Begin XCConfigurationList section */
		BF61CCD92A7D739B009F4A88 /* Build configuration list for PBXProject "Netflix" */ = {
			isa = XCConfigurationList;
			buildConfigurations = (
				BF61CCF02A7D739C009F4A88 /* Debug */,
				BF61CCF12A7D739C009F4A88 /* Release */,
			);
			defaultConfigurationIsVisible = 0;
			defaultConfigurationName = Release;
		};
		BF61CCF22A7D739C009F4A88 /* Build configuration list for PBXNativeTarget "Netflix" */ = {
			isa = XCConfigurationList;
			buildConfigurations = (
				BF61CCF32A7D739C009F4A88 /* Debug */,
				BF61CCF42A7D739C009F4A88 /* Release */,
			);
			defaultConfigurationIsVisible = 0;
			defaultConfigurationName = Release;
		};
/* End XCConfigurationList section */

/* Begin XCRemoteSwiftPackageReference section */
		BF61CD132A816BD4009F4A88 /* XCRemoteSwiftPackageReference "SDWebImage" */ = {
			isa = XCRemoteSwiftPackageReference;
			repositoryURL = "https://github.com/SDWebImage/SDWebImage.git";
			requirement = {
				branch = master;
				kind = branch;
			};
		};
/* End XCRemoteSwiftPackageReference section */

/* Begin XCSwiftPackageProductDependency section */
		BF61CD142A816BD4009F4A88 /* SDWebImage */ = {
			isa = XCSwiftPackageProductDependency;
			package = BF61CD132A816BD4009F4A88 /* XCRemoteSwiftPackageReference "SDWebImage" */;
			productName = SDWebImage;
		};
		BF61CD162A816BD4009F4A88 /* SDWebImageMapKit */ = {
			isa = XCSwiftPackageProductDependency;
			package = BF61CD132A816BD4009F4A88 /* XCRemoteSwiftPackageReference "SDWebImage" */;
			productName = SDWebImageMapKit;
		};
/* End XCSwiftPackageProductDependency section */
	};
	rootObject = BF61CCD62A7D739B009F4A88 /* Project object */;
}
